
Microsoft Visual Studio Solution File, Format Version 12.00
# Visual Studio Version 17
VisualStudioVersion = 17.5.33516.290
MinimumVisualStudioVersion = 10.0.40219.1
Project("{9A19103F-16F7-4668-BE54-9A1E7A4F7556}") = "NewsBlog", "NewsBlog\NewsBlog.csproj", "{BE2C556F-2A08-4636-847C-81E57C10C8AA}"
EndProject
Global
	GlobalSection(SolutionConfigurationPlatforms) = preSolution
		Debug|Any CPU = Debug|Any CPU
		Release|Any CPU = Release|Any CPU
	EndGlobalSection
	GlobalSection(ProjectConfigurationPlatforms) = postSolution
		{BE2C556F-2A08-4636-847C-81E57C10C8AA}.Debug|Any CPU.ActiveCfg = Debug|Any CPU
		{BE2C556F-2A08-4636-847C-81E57C10C8AA}.Debug|Any CPU.Build.0 = Debug|Any CPU
		{BE2C556F-2A08-4636-847C-81E57C10C8AA}.Release|Any CPU.ActiveCfg = Release|Any CPU
		{BE2C556F-2A08-4636-847C-81E57C10C8AA}.Release|Any CPU.Build.0 = Release|Any CPU
	EndGlobalSection
	GlobalSection(SolutionProperties) = preSolution
		HideSolutionNode = FALSE
	EndGlobalSection
	GlobalSection(ExtensibilityGlobals) = postSolution
		SolutionGuid = {A1C2FF77-8C68-43E0-B4A8-B01FBCCAFFF8}
	EndGlobalSection
EndGlobal
